
Microsoft Visual Studio Solution File, Format Version 12.00
# Visual Studio Version 16
VisualStudioVersion = 16.0.30011.22
MinimumVisualStudioVersion = 10.0.40219.1
Project("{FAE04EC0-301F-11D3-BF4B-00C04F79EFBC}") = "Agenda", "Agenda\Agenda.csproj", "{0F416B58-5A5C-49C8-B767-B6AA76BD104A}"
EndProject
Global
	GlobalSection(SolutionConfigurationPlatforms) = preSolution
		Debug|Any CPU = Debug|Any CPU
		Release|Any CPU = Release|Any CPU
	EndGlobalSection
	GlobalSection(ProjectConfigurationPlatforms) = postSolution
		{0F416B58-5A5C-49C8-B767-B6AA76BD104A}.Debug|Any CPU.ActiveCfg = Debug|Any CPU
		{0F416B58-5A5C-49C8-B767-B6AA76BD104A}.Debug|Any CPU.Build.0 = Debug|Any CPU
		{0F416B58-5A5C-49C8-B767-B6AA76BD104A}.Release|Any CPU.ActiveCfg = Release|Any CPU
		{0F416B58-5A5C-49C8-B767-B6AA76BD104A}.Release|Any CPU.Build.0 = Release|Any CPU
	EndGlobalSection
	GlobalSection(SolutionProperties) = preSolution
		HideSolutionNode = FALSE
	EndGlobalSection
	GlobalSection(ExtensibilityGlobals) = postSolution
		SolutionGuid = {2FF21786-065B-418C-81DD-DE1B4F8704CC}
	EndGlobalSection
EndGlobal
